
Microsoft Visual Studio Solution File, Format Version 12.00
# Visual Studio 2013
VisualStudioVersion = 12.0.40629.0
MinimumVisualStudioVersion = 10.0.40219.1
Project("{FAE04EC0-301F-11D3-BF4B-00C04F79EFBC}") = "ShareMarket_Game", "ShareMarket_Game\ShareMarket_Game.csproj", "{E449ADB9-11D5-400E-A47B-06FD472C95F5}"
EndProject
Project("{FAE04EC0-301F-11D3-BF4B-00C04F79EFBC}") = "ShareMarket.Models", "ShareMarket.Models\ShareMarket.Models.csproj", "{D15D59C9-0D3C-4940-A003-1D6ED0060A71}"
EndProject
Project("{FAE04EC0-301F-11D3-BF4B-00C04F79EFBC}") = "ShareMarket.Business", "ShareMarket.Business\ShareMarket.Business.csproj", "{B0D95926-31E6-409E-BAD1-3351E37EB652}"
EndProject
Project("{FAE04EC0-301F-11D3-BF4B-00C04F79EFBC}") = "ShareMarket.Data", "ShareMarket.Data\ShareMarket.Data.csproj", "{FA90A4E6-C356-4334-A97A-F2B3255535AA}"
EndProject
Global
	GlobalSection(SolutionConfigurationPlatforms) = preSolution
		Debug|Any CPU = Debug|Any CPU
		Release|Any CPU = Release|Any CPU
	EndGlobalSection
	GlobalSection(ProjectConfigurationPlatforms) = postSolution
		{E449ADB9-11D5-400E-A47B-06FD472C95F5}.Debug|Any CPU.ActiveCfg = Debug|Any CPU
		{E449ADB9-11D5-400E-A47B-06FD472C95F5}.Debug|Any CPU.Build.0 = Debug|Any CPU
		{E449ADB9-11D5-400E-A47B-06FD472C95F5}.Release|Any CPU.ActiveCfg = Release|Any CPU
		{E449ADB9-11D5-400E-A47B-06FD472C95F5}.Release|Any CPU.Build.0 = Release|Any CPU
		{D15D59C9-0D3C-4940-A003-1D6ED0060A71}.Debug|Any CPU.ActiveCfg = Debug|Any CPU
		{D15D59C9-0D3C-4940-A003-1D6ED0060A71}.Debug|Any CPU.Build.0 = Debug|Any CPU
		{D15D59C9-0D3C-4940-A003-1D6ED0060A71}.Release|Any CPU.ActiveCfg = Release|Any CPU
		{D15D59C9-0D3C-4940-A003-1D6ED0060A71}.Release|Any CPU.Build.0 = Release|Any CPU
		{B0D95926-31E6-409E-BAD1-3351E37EB652}.Debug|Any CPU.ActiveCfg = Debug|Any CPU
		{B0D95926-31E6-409E-BAD1-3351E37EB652}.Debug|Any CPU.Build.0 = Debug|Any CPU
		{B0D95926-31E6-409E-BAD1-3351E37EB652}.Release|Any CPU.ActiveCfg = Release|Any CPU
		{B0D95926-31E6-409E-BAD1-3351E37EB652}.Release|Any CPU.Build.0 = Release|Any CPU
		{FA90A4E6-C356-4334-A97A-F2B3255535AA}.Debug|Any CPU.ActiveCfg = Debug|Any CPU
		{FA90A4E6-C356-4334-A97A-F2B3255535AA}.Debug|Any CPU.Build.0 = Debug|Any CPU
		{FA90A4E6-C356-4334-A97A-F2B3255535AA}.Release|Any CPU.ActiveCfg = Release|Any CPU
		{FA90A4E6-C356-4334-A97A-F2B3255535AA}.Release|Any CPU.Build.0 = Release|Any CPU
	EndGlobalSection
	GlobalSection(SolutionProperties) = preSolution
		HideSolutionNode = FALSE
	EndGlobalSection
EndGlobal
